{
  "nodes": {
    "nixpkgs": {
      "locked": {
        "lastModified": 1757020766,
        "narHash": "sha256-PLoSjHRa2bUbi1x9HoXgTx2AiuzNXs54c8omhadyvp0=",
        "owner": "NixOS",
        "repo": "nixpkgs",
        "rev": "fe83bbdde2ccdc2cb9573aa846abe8363f79a97a",
        "type": "github"
      },
      "original": {
        "owner": "NixOS",
        "ref": "nixos-25.05",
        "repo": "nixpkgs",
        "type": "github"
      }
    },
    "pkgsPersonal": {
      "locked": {
        "lastModified": 1732709664,
        "narHash": "sha256-7snZSfr1+mt24438DAVl6hfYchm4QDU3YGiktkGwq+Q=",
        "owner": "EdvardSire",
        "repo": "nixpkgs",
        "rev": "dc6b3d3775457d507e130aa6f2eba582d90b23ce",
        "type": "github"
      },
      "original": {
        "owner": "EdvardSire",
        "repo": "nixpkgs",
        "rev": "dc6b3d3775457d507e130aa6f2eba582d90b23ce",
        "type": "github"
      }
    },
    "root": {
      "inputs": {
        "nixpkgs": "nixpkgs",
        "pkgsPersonal": "pkgsPersonal"
      }
    }
  },
  "root": "root",
  "version": 7
}
